
Microsoft Visual Studio Solution File, Format Version 12.00
# Visual Studio 14
VisualStudioVersion = 14.0.25420.1
MinimumVisualStudioVersion = 10.0.40219.1
Project("{FAE04EC0-301F-11D3-BF4B-00C04F79EFBC}") = "Game", "Game\Game.csproj", "{12165577-50BF-43CB-A219-05B57637D32A}"
EndProject
Project("{FAE04EC0-301F-11D3-BF4B-00C04F79EFBC}") = "Server", "Server\Server.csproj", "{DD48E4BD-0C24-46BF-9DCA-5EA2A5D5CE79}"
EndProject
Project("{FAE04EC0-301F-11D3-BF4B-00C04F79EFBC}") = "Client", "Client\Client.csproj", "{69E96588-39FD-4F65-8954-DC59C29F085E}"
EndProject
Project("{FAE04EC0-301F-11D3-BF4B-00C04F79EFBC}") = "Sim", "Sim\Sim.csproj", "{7AFE7F22-B30A-4FC6-B88B-DCA6A920571C}"
EndProject
Project("{FAE04EC0-301F-11D3-BF4B-00C04F79EFBC}") = "PosLibrary", "PosLibrary\PosLibrary.csproj", "{D3088C54-8EF5-4CD2-A6EB-4CC393B82430}"
EndProject
Global
	GlobalSection(SolutionConfigurationPlatforms) = preSolution
		Debug|Any CPU = Debug|Any CPU
		Release|Any CPU = Release|Any CPU
	EndGlobalSection
	GlobalSection(ProjectConfigurationPlatforms) = postSolution
		{12165577-50BF-43CB-A219-05B57637D32A}.Debug|Any CPU.ActiveCfg = Debug|Any CPU
		{12165577-50BF-43CB-A219-05B57637D32A}.Debug|Any CPU.Build.0 = Debug|Any CPU
		{12165577-50BF-43CB-A219-05B57637D32A}.Release|Any CPU.ActiveCfg = Release|Any CPU
		{12165577-50BF-43CB-A219-05B57637D32A}.Release|Any CPU.Build.0 = Release|Any CPU
		{DD48E4BD-0C24-46BF-9DCA-5EA2A5D5CE79}.Debug|Any CPU.ActiveCfg = Debug|Any CPU
		{DD48E4BD-0C24-46BF-9DCA-5EA2A5D5CE79}.Debug|Any CPU.Build.0 = Debug|Any CPU
		{DD48E4BD-0C24-46BF-9DCA-5EA2A5D5CE79}.Release|Any CPU.ActiveCfg = Release|Any CPU
		{DD48E4BD-0C24-46BF-9DCA-5EA2A5D5CE79}.Release|Any CPU.Build.0 = Release|Any CPU
		{69E96588-39FD-4F65-8954-DC59C29F085E}.Debug|Any CPU.ActiveCfg = Debug|Any CPU
		{69E96588-39FD-4F65-8954-DC59C29F085E}.Debug|Any CPU.Build.0 = Debug|Any CPU
		{69E96588-39FD-4F65-8954-DC59C29F085E}.Release|Any CPU.ActiveCfg = Release|Any CPU
		{69E96588-39FD-4F65-8954-DC59C29F085E}.Release|Any CPU.Build.0 = Release|Any CPU
		{7AFE7F22-B30A-4FC6-B88B-DCA6A920571C}.Debug|Any CPU.ActiveCfg = Debug|Any CPU
		{7AFE7F22-B30A-4FC6-B88B-DCA6A920571C}.Debug|Any CPU.Build.0 = Debug|Any CPU
		{7AFE7F22-B30A-4FC6-B88B-DCA6A920571C}.Release|Any CPU.ActiveCfg = Release|Any CPU
		{7AFE7F22-B30A-4FC6-B88B-DCA6A920571C}.Release|Any CPU.Build.0 = Release|Any CPU
		{D3088C54-8EF5-4CD2-A6EB-4CC393B82430}.Debug|Any CPU.ActiveCfg = Debug|Any CPU
		{D3088C54-8EF5-4CD2-A6EB-4CC393B82430}.Debug|Any CPU.Build.0 = Debug|Any CPU
		{D3088C54-8EF5-4CD2-A6EB-4CC393B82430}.Release|Any CPU.ActiveCfg = Release|Any CPU
		{D3088C54-8EF5-4CD2-A6EB-4CC393B82430}.Release|Any CPU.Build.0 = Release|Any CPU
	EndGlobalSection
	GlobalSection(SolutionProperties) = preSolution
		HideSolutionNode = FALSE
	EndGlobalSection
EndGlobal
